
Microsoft Visual Studio Solution File, Format Version 12.00
# Visual Studio 15
VisualStudioVersion = 15.0.28307.2017
MinimumVisualStudioVersion = 10.0.40219.1
Project("{FAE04EC0-301F-11D3-BF4B-00C04F79EFBC}") = "mvccrud", "mvccrud\mvccrud.csproj", "{ABAE2E36-A911-46A5-AA07-99E97E3B1491}"
EndProject
Global
	GlobalSection(SolutionConfigurationPlatforms) = preSolution
		Debug|Any CPU = Debug|Any CPU
		Release|Any CPU = Release|Any CPU
	EndGlobalSection
	GlobalSection(ProjectConfigurationPlatforms) = postSolution
		{ABAE2E36-A911-46A5-AA07-99E97E3B1491}.Debug|Any CPU.ActiveCfg = Debug|Any CPU
		{ABAE2E36-A911-46A5-AA07-99E97E3B1491}.Debug|Any CPU.Build.0 = Debug|Any CPU
		{ABAE2E36-A911-46A5-AA07-99E97E3B1491}.Release|Any CPU.ActiveCfg = Release|Any CPU
		{ABAE2E36-A911-46A5-AA07-99E97E3B1491}.Release|Any CPU.Build.0 = Release|Any CPU
	EndGlobalSection
	GlobalSection(SolutionProperties) = preSolution
		HideSolutionNode = FALSE
	EndGlobalSection
	GlobalSection(ExtensibilityGlobals) = postSolution
		SolutionGuid = {FF9C8896-E7D6-4861-A6A3-268E711E7002}
	EndGlobalSection
EndGlobal
